// !$*UTF8*$!
{
	archiveVersion = 1;
	classes = {
	};
	objectVersion = 46;
	objects = {

/* Begin PBXBuildFile section */
		3B1B24461B3FF4E6007B6E33 /* main.m in Sources */ = {isa = PBXBuildFile; fileRef = 3B1B24451B3FF4E6007B6E33 /* main.m */; };
		3B1B24491B3FF4E6007B6E33 /* AppDelegate.m in Sources */ = {isa = PBXBuildFile; fileRef = 3B1B24481B3FF4E6007B6E33 /* AppDelegate.m */; };
		3B1B244C1B3FF4E6007B6E33 /* Smoke_Savings.xcdatamodeld in Sources */ = {isa = PBXBuildFile; fileRef = 3B1B244A1B3FF4E6007B6E33 /* Smoke_Savings.xcdatamodeld */; };
		3B1B24541B3FF4E6007B6E33 /* Images.xcassets in Resources */ = {isa = PBXBuildFile; fileRef = 3B1B24531B3FF4E6007B6E33 /* Images.xcassets */; };
		3B1B24571B3FF4E6007B6E33 /* LaunchScreen.xib in Resources */ = {isa = PBXBuildFile; fileRef = 3B1B24551B3FF4E6007B6E33 /* LaunchScreen.xib */; };
		3B1B24631B3FF4E6007B6E33 /* Smoke_SavingsTests.m in Sources */ = {isa = PBXBuildFile; fileRef = 3B1B24621B3FF4E6007B6E33 /* Smoke_SavingsTests.m */; };
		3B1B247C1B3FF50B007B6E33 /* ViewController.m in Sources */ = {isa = PBXBuildFile; fileRef = 3B1B246D1B3FF50B007B6E33 /* ViewController.m */; };
		3B1B247D1B3FF50B007B6E33 /* CoreDataViewController.m in Sources */ = {isa = PBXBuildFile; fileRef = 3B1B246F1B3FF50B007B6E33 /* CoreDataViewController.m */; };
		3B1B247E1B3FF50B007B6E33 /* ItemTableViewCell.xib in Resources */ = {isa = PBXBuildFile; fileRef = 3B1B24701B3FF50B007B6E33 /* ItemTableViewCell.xib */; };
		3B1B247F1B3FF50B007B6E33 /* ItemTableViewCell.m in Sources */ = {isa = PBXBuildFile; fileRef = 3B1B24721B3FF50B007B6E33 /* ItemTableViewCell.m */; };
		3B1B24801B3FF50B007B6E33 /* OptionsViewController.m in Sources */ = {isa = PBXBuildFile; fileRef = 3B1B24741B3FF50B007B6E33 /* OptionsViewController.m */; };
		3B1B24811B3FF50B007B6E33 /* ItemViewController.m in Sources */ = {isa = PBXBuildFile; fileRef = 3B1B24761B3FF50B007B6E33 /* ItemViewController.m */; };
		3B1B24821B3FF50B007B6E33 /* NSDate+Helper.m in Sources */ = {isa = PBXBuildFile; fileRef = 3B1B24781B3FF50B007B6E33 /* NSDate+Helper.m */; };
		3B1B24831B3FF50B007B6E33 /* Main.storyboard in Resources */ = {isa = PBXBuildFile; fileRef = 3B1B24791B3FF50B007B6E33 /* Main.storyboard */; };
		3B1B24841B3FF50B007B6E33 /* messages.plist in Resources */ = {isa = PBXBuildFile; fileRef = 3B1B247B1B3FF50B007B6E33 /* messages.plist */; };
		3B1B24901B3FF5E8007B6E33 /* Item.m in Sources */ = {isa = PBXBuildFile; fileRef = 3B1B248F1B3FF5E8007B6E33 /* Item.m */; };
/* End PBXBuildFile section */

/* Begin PBXContainerItemProxy section */
		3B1B245D1B3FF4E6007B6E33 /* PBXContainerItemProxy */ = {
			isa = PBXContainerItemProxy;
			containerPortal = 3B1B24381B3FF4E6007B6E33 /* Project object */;
			proxyType = 1;
			remoteGlobalIDString = 3B1B243F1B3FF4E6007B6E33;
			remoteInfo = "Smoke Savings";
		};
/* End PBXContainerItemProxy section */

/* Begin PBXFileReference section */
		3B1B24401B3FF4E6007B6E33 /* Smoke Savings.app */ = {isa = PBXFileReference; explicitFileType = wrapper.application; includeInIndex = 0; path = "Smoke Savings.app"; sourceTree = BUILT_PRODUCTS_DIR; };
		3B1B24441B3FF4E6007B6E33 /* Info.plist */ = {isa = PBXFileReference; lastKnownFileType = text.plist.xml; path = Info.plist; sourceTree = "<group>"; };
		3B1B24451B3FF4E6007B6E33 /* main.m */ = {isa = PBXFileReference; lastKnownFileType = sourcecode.c.objc; path = main.m; sourceTree = "<group>"; };
		3B1B24471B3FF4E6007B6E33 /* AppDelegate.h */ = {isa = PBXFileReference; lastKnownFileType = sourcecode.c.h; path = AppDelegate.h; sourceTree = "<group>"; };
		3B1B24481B3FF4E6007B6E33 /* AppDelegate.m */ = {isa = PBXFileReference; lastKnownFileType = sourcecode.c.objc; path = AppDelegate.m; sourceTree = "<group>"; };
		3B1B244B1B3FF4E6007B6E33 /* Smoke_Savings.xcdatamodel */ = {isa = PBXFileReference; lastKnownFileType = wrapper.xcdatamodel; path = Smoke_Savings.xcdatamodel; sourceTree = "<group>"; };
		3B1B24531B3FF4E6007B6E33 /* Images.xcassets */ = {isa = PBXFileReference; lastKnownFileType = folder.assetcatalog; path = Images.xcassets; sourceTree = "<group>"; };
		3B1B24561B3FF4E6007B6E33 /* Base */ = {isa = PBXFileReference; lastKnownFileType = file.xib; name = Base; path = Base.lproj/LaunchScreen.xib; sourceTree = "<group>"; };
		3B1B245C1B3FF4E6007B6E33 /* Smoke SavingsTests.xctest */ = {isa = PBXFileReference; explicitFileType = wrapper.cfbundle; includeInIndex = 0; path = "Smoke SavingsTests.xctest"; sourceTree = BUILT_PRODUCTS_DIR; };
		3B1B24611B3FF4E6007B6E33 /* Info.plist */ = {isa = PBXFileReference; lastKnownFileType = text.plist.xml; path = Info.plist; sourceTree = "<group>"; };
		3B1B24621B3FF4E6007B6E33 /* Smoke_SavingsTests.m */ = {isa = PBXFileReference; lastKnownFileType = sourcecode.c.objc; path = Smoke_SavingsTests.m; sourceTree = "<group>"; };
		3B1B246C1B3FF50B007B6E33 /* ViewController.h */ = {isa = PBXFileReference; fileEncoding = 4; lastKnownFileType = sourcecode.c.h; name = ViewController.h; path = ../../IreneSmokeCounter/IreneSmokeCounter/ViewController.h; sourceTree = "<group>"; };
		3B1B246D1B3FF50B007B6E33 /* ViewController.m */ = {isa = PBXFileReference; fileEncoding = 4; lastKnownFileType = sourcecode.c.objc; name = ViewController.m; path = ../../IreneSmokeCounter/IreneSmokeCounter/ViewController.m; sourceTree = "<group>"; };
		3B1B246E1B3FF50B007B6E33 /* CoreDataViewController.h */ = {isa = PBXFileReference; fileEncoding = 4; lastKnownFileType = sourcecode.c.h; name = CoreDataViewController.h; path = ../../Productivity2/Productivity2/CoreDataViewController.h; sourceTree = "<group>"; };
		3B1B246F1B3FF50B007B6E33 /* CoreDataViewController.m */ = {isa = PBXFileReference; fileEncoding = 4; lastKnownFileType = sourcecode.c.objc; name = CoreDataViewController.m; path = ../../Productivity2/Productivity2/CoreDataViewController.m; sourceTree = "<group>"; };
		3B1B24701B3FF50B007B6E33 /* ItemTableViewCell.xib */ = {isa = PBXFileReference; fileEncoding = 4; lastKnownFileType = file.xib; name = ItemTableViewCell.xib; path = ../../IreneSmokeCounter/IreneSmokeCounter/ItemTableViewCell.xib; sourceTree = "<group>"; };
		3B1B24711B3FF50B007B6E33 /* ItemTableViewCell.h */ = {isa = PBXFileReference; fileEncoding = 4; lastKnownFileType = sourcecode.c.h; name = ItemTableViewCell.h; path = ../../IreneSmokeCounter/IreneSmokeCounter/ItemTableViewCell.h; sourceTree = "<group>"; };
		3B1B24721B3FF50B007B6E33 /* ItemTableViewCell.m */ = {isa = PBXFileReference; fileEncoding = 4; lastKnownFileType = sourcecode.c.objc; name = ItemTableViewCell.m; path = ../../IreneSmokeCounter/IreneSmokeCounter/ItemTableViewCell.m; sourceTree = "<group>"; };
		3B1B24731B3FF50B007B6E33 /* OptionsViewController.h */ = {isa = PBXFileReference; fileEncoding = 4; lastKnownFileType = sourcecode.c.h; name = OptionsViewController.h; path = ../../IreneSmokeCounter/IreneSmokeCounter/OptionsViewController.h; sourceTree = "<group>"; };
		3B1B24741B3FF50B007B6E33 /* OptionsViewController.m */ = {isa = PBXFileReference; fileEncoding = 4; lastKnownFileType = sourcecode.c.objc; name = OptionsViewController.m; path = ../../IreneSmokeCounter/IreneSmokeCounter/OptionsViewController.m; sourceTree = "<group>"; };
		3B1B24751B3FF50B007B6E33 /* ItemViewController.h */ = {isa = PBXFileReference; fileEncoding = 4; lastKnownFileType = sourcecode.c.h; name = ItemViewController.h; path = ../../IreneSmokeCounter/ItemViewController.h; sourceTree = "<group>"; };
		3B1B24761B3FF50B007B6E33 /* ItemViewController.m */ = {isa = PBXFileReference; fileEncoding = 4; lastKnownFileType = sourcecode.c.objc; name = ItemViewController.m; path = ../../IreneSmokeCounter/ItemViewController.m; sourceTree = "<group>"; };
		3B1B24771B3FF50B007B6E33 /* NSDate+Helper.h */ = {isa = PBXFileReference; fileEncoding = 4; lastKnownFileType = sourcecode.c.h; name = "NSDate+Helper.h"; path = "../../IreneSmokeCounter/IreneSmokeCounter/NSDate+Helper.h"; sourceTree = "<group>"; };
		3B1B24781B3FF50B007B6E33 /* NSDate+Helper.m */ = {isa = PBXFileReference; fileEncoding = 4; lastKnownFileType = sourcecode.c.objc; name = "NSDate+Helper.m"; path = "../../IreneSmokeCounter/IreneSmokeCounter/NSDate+Helper.m"; sourceTree = "<group>"; };
		3B1B247A1B3FF50B007B6E33 /* Base */ = {isa = PBXFileReference; lastKnownFileType = file.storyboard; name = Base; path = ../../IreneSmokeCounter/IreneSmokeCounter/Base.lproj/Main.storyboard; sourceTree = "<group>"; };
		3B1B247B1B3FF50B007B6E33 /* messages.plist */ = {isa = PBXFileReference; fileEncoding = 4; lastKnownFileType = text.plist.xml; name = messages.plist; path = ../../IreneSmokeCounter/IreneSmokeCounter/messages.plist; sourceTree = "<group>"; };
		3B1B248E1B3FF5E8007B6E33 /* Item.h */ = {isa = PBXFileReference; fileEncoding = 4; lastKnownFileType = sourcecode.c.h; name = Item.h; path = ../Item.h; sourceTree = "<group>"; };
		3B1B248F1B3FF5E8007B6E33 /* Item.m */ = {isa = PBXFileReference; fileEncoding = 4; lastKnownFileType = sourcecode.c.objc; name = Item.m; path = ../Item.m; sourceTree = "<group>"; };
/* End PBXFileReference section */

/* Begin PBXFrameworksBuildPhase section */
		3B1B243D1B3FF4E6007B6E33 /* Frameworks */ = {
			isa = PBXFrameworksBuildPhase;
			buildActionMask = 2147483647;
			files = (
			);
			runOnlyForDeploymentPostprocessing = 0;
		};
		3B1B24591B3FF4E6007B6E33 /* Frameworks */ = {
			isa = PBXFrameworksBuildPhase;
			buildActionMask = 2147483647;
			files = (
			);
			runOnlyForDeploymentPostprocessing = 0;
		};
/* End PBXFrameworksBuildPhase section */

/* Begin PBXGroup section */
		3B1B24371B3FF4E6007B6E33 = {
			isa = PBXGroup;
			children = (
				3B1B24421B3FF4E6007B6E33 /* Smoke Savings */,
				3B1B245F1B3FF4E6007B6E33 /* Smoke SavingsTests */,
				3B1B24411B3FF4E6007B6E33 /* Products */,
			);
			sourceTree = "<group>";
		};
		3B1B24411B3FF4E6007B6E33 /* Products */ = {
			isa = PBXGroup;
			children = (
				3B1B24401B3FF4E6007B6E33 /* Smoke Savings.app */,
				3B1B245C1B3FF4E6007B6E33 /* Smoke SavingsTests.xctest */,
			);
			name = Products;
			sourceTree = "<group>";
		};
		3B1B24421B3FF4E6007B6E33 /* Smoke Savings */ = {
			isa = PBXGroup;
			children = (
				3B1B24471B3FF4E6007B6E33 /* AppDelegate.h */,
				3B1B24481B3FF4E6007B6E33 /* AppDelegate.m */,
				3B1B246C1B3FF50B007B6E33 /* ViewController.h */,
				3B1B246D1B3FF50B007B6E33 /* ViewController.m */,
				3B1B246E1B3FF50B007B6E33 /* CoreDataViewController.h */,
				3B1B246F1B3FF50B007B6E33 /* CoreDataViewController.m */,
				3B1B24911B3FF7D7007B6E33 /* Items TableViewCell */,
				3B1B24731B3FF50B007B6E33 /* OptionsViewController.h */,
				3B1B24741B3FF50B007B6E33 /* OptionsViewController.m */,
				3B1B24751B3FF50B007B6E33 /* ItemViewController.h */,
				3B1B24761B3FF50B007B6E33 /* ItemViewController.m */,
				3B1B24771B3FF50B007B6E33 /* NSDate+Helper.h */,
				3B1B24781B3FF50B007B6E33 /* NSDate+Helper.m */,
				3B1B24791B3FF50B007B6E33 /* Main.storyboard */,
				3B1B247B1B3FF50B007B6E33 /* messages.plist */,
				3B1B24531B3FF4E6007B6E33 /* Images.xcassets */,
				3B1B24551B3FF4E6007B6E33 /* LaunchScreen.xib */,
				3B1B24921B3FF7E8007B6E33 /* Models */,
				3B1B24431B3FF4E6007B6E33 /* Supporting Files */,
			);
			path = "Smoke Savings";
			sourceTree = "<group>";
		};
		3B1B24431B3FF4E6007B6E33 /* Supporting Files */ = {
			isa = PBXGroup;
			children = (
				3B1B24441B3FF4E6007B6E33 /* Info.plist */,
				3B1B24451B3FF4E6007B6E33 /* main.m */,
			);
			name = "Supporting Files";
			sourceTree = "<group>";
		};
		3B1B245F1B3FF4E6007B6E33 /* Smoke SavingsTests */ = {
			isa = PBXGroup;
			children = (
				3B1B24621B3FF4E6007B6E33 /* Smoke_SavingsTests.m */,
				3B1B24601B3FF4E6007B6E33 /* Supporting Files */,
			);
			path = "Smoke SavingsTests";
			sourceTree = "<group>";
		};
		3B1B24601B3FF4E6007B6E33 /* Supporting Files */ = {
			isa = PBXGroup;
			children = (
				3B1B24611B3FF4E6007B6E33 /* Info.plist */,
			);
			name = "Supporting Files";
			sourceTree = "<group>";
		};
		3B1B24911B3FF7D7007B6E33 /* Items TableViewCell */ = {
			isa = PBXGroup;
			children = (
				3B1B24701B3FF50B007B6E33 /* ItemTableViewCell.xib */,
				3B1B24711B3FF50B007B6E33 /* ItemTableViewCell.h */,
				3B1B24721B3FF50B007B6E33 /* ItemTableViewCell.m */,
			);
			name = "Items TableViewCell";
			sourceTree = "<group>";
		};
		3B1B24921B3FF7E8007B6E33 /* Models */ = {
			isa = PBXGroup;
			children = (
				3B1B244A1B3FF4E6007B6E33 /* Smoke_Savings.xcdatamodeld */,
				3B1B248E1B3FF5E8007B6E33 /* Item.h */,
				3B1B248F1B3FF5E8007B6E33 /* Item.m */,
			);
			name = Models;
			sourceTree = "<group>";
		};
/* End PBXGroup section */

/* Begin PBXNativeTarget section */
		3B1B243F1B3FF4E6007B6E33 /* Smoke Savings */ = {
			isa = PBXNativeTarget;
			buildConfigurationList = 3B1B24661B3FF4E6007B6E33 /* Build configuration list for PBXNativeTarget "Smoke Savings" */;
			buildPhases = (
				3B1B243C1B3FF4E6007B6E33 /* Sources */,
				3B1B243D1B3FF4E6007B6E33 /* Frameworks */,
				3B1B243E1B3FF4E6007B6E33 /* Resources */,
			);
			buildRules = (
			);
			dependencies = (
			);
			name = "Smoke Savings";
			productName = "Smoke Savings";
			productReference = 3B1B24401B3FF4E6007B6E33 /* Smoke Savings.app */;
			productType = "com.apple.product-type.application";
		};
		3B1B245B1B3FF4E6007B6E33 /* Smoke SavingsTests */ = {
			isa = PBXNativeTarget;
			buildConfigurationList = 3B1B24691B3FF4E6007B6E33 /* Build configuration list for PBXNativeTarget "Smoke SavingsTests" */;
			buildPhases = (
				3B1B24581B3FF4E6007B6E33 /* Sources */,
				3B1B24591B3FF4E6007B6E33 /* Frameworks */,
				3B1B245A1B3FF4E6007B6E33 /* Resources */,
			);
			buildRules = (
			);
			dependencies = (
				3B1B245E1B3FF4E6007B6E33 /* PBXTargetDependency */,
			);
			name = "Smoke SavingsTests";
			productName = "Smoke SavingsTests";
			productReference = 3B1B245C1B3FF4E6007B6E33 /* Smoke SavingsTests.xctest */;
			productType = "com.apple.product-type.bundle.unit-test";
		};
/* End PBXNativeTarget section */

/* Begin PBXProject section */
		3B1B24381B3FF4E6007B6E33 /* Project object */ = {
			isa = PBXProject;
			attributes = {
				LastUpgradeCheck = 0630;
				ORGANIZATIONNAME = Kim;
				TargetAttributes = {
					3B1B243F1B3FF4E6007B6E33 = {
						CreatedOnToolsVersion = 6.3.2;
					};
					3B1B245B1B3FF4E6007B6E33 = {
						CreatedOnToolsVersion = 6.3.2;
						TestTargetID = 3B1B243F1B3FF4E6007B6E33;
					};
				};
			};
			buildConfigurationList = 3B1B243B1B3FF4E6007B6E33 /* Build configuration list for PBXProject "Smoke Savings" */;
			compatibilityVersion = "Xcode 3.2";
			developmentRegion = English;
			hasScannedForEncodings = 0;
			knownRegions = (
				en,
				Base,
			);
			mainGroup = 3B1B24371B3FF4E6007B6E33;
			productRefGroup = 3B1B24411B3FF4E6007B6E33 /* Products */;
			projectDirPath = "";
			projectRoot = "";
			targets = (
				3B1B243F1B3FF4E6007B6E33 /* Smoke Savings */,
				3B1B245B1B3FF4E6007B6E33 /* Smoke SavingsTests */,
			);
		};
/* End PBXProject section */

/* Begin PBXResourcesBuildPhase section */
		3B1B243E1B3FF4E6007B6E33 /* Resources */ = {
			isa = PBXResourcesBuildPhase;
			buildActionMask = 2147483647;
			files = (
				3B1B24571B3FF4E6007B6E33 /* LaunchScreen.xib in Resources */,
				3B1B247E1B3FF50B007B6E33 /* ItemTableViewCell.xib in Resources */,
				3B1B24841B3FF50B007B6E33 /* messages.plist in Resources */,
				3B1B24541B3FF4E6007B6E33 /* Images.xcassets in Resources */,
				3B1B24831B3FF50B007B6E33 /* Main.storyboard in Resources */,
			);
			runOnlyForDeploymentPostprocessing = 0;
		};
		3B1B245A1B3FF4E6007B6E33 /* Resources */ = {
			isa = PBXResourcesBuildPhase;
			buildActionMask = 2147483647;
			files = (
			);
			runOnlyForDeploymentPostprocessing = 0;
		};
/* End PBXResourcesBuildPhase section */

/* Begin PBXSourcesBuildPhase section */
		3B1B243C1B3FF4E6007B6E33 /* Sources */ = {
			isa = PBXSourcesBuildPhase;
			buildActionMask = 2147483647;
			files = (
				3B1B24901B3FF5E8007B6E33 /* Item.m in Sources */,
				3B1B247F1B3FF50B007B6E33 /* ItemTableViewCell.m in Sources */,
				3B1B24491B3FF4E6007B6E33 /* AppDelegate.m in Sources */,
				3B1B24461B3FF4E6007B6E33 /* main.m in Sources */,
				3B1B24821B3FF50B007B6E33 /* NSDate+Helper.m in Sources */,
				3B1B247C1B3FF50B007B6E33 /* ViewController.m in Sources */,
				3B1B247D1B3FF50B007B6E33 /* CoreDataViewController.m in Sources */,
				3B1B24811B3FF50B007B6E33 /* ItemViewController.m in Sources */,
				3B1B244C1B3FF4E6007B6E33 /* Smoke_Savings.xcdatamodeld in Sources */,
				3B1B24801B3FF50B007B6E33 /* OptionsViewController.m in Sources */,
			);
			runOnlyForDeploymentPostprocessing = 0;
		};
		3B1B24581B3FF4E6007B6E33 /* Sources */ = {
			isa = PBXSourcesBuildPhase;
			buildActionMask = 2147483647;
			files = (
				3B1B24631B3FF4E6007B6E33 /* Smoke_SavingsTests.m in Sources */,
			);
			runOnlyForDeploymentPostprocessing = 0;
		};
/* End PBXSourcesBuildPhase section */

/* Begin PBXTargetDependency section */
		3B1B245E1B3FF4E6007B6E33 /* PBXTargetDependency */ = {
			isa = PBXTargetDependency;
			target = 3B1B243F1B3FF4E6007B6E33 /* Smoke Savings */;
			targetProxy = 3B1B245D1B3FF4E6007B6E33 /* PBXContainerItemProxy */;
		};
/* End PBXTargetDependency section */

/* Begin PBXVariantGroup section */
		3B1B24551B3FF4E6007B6E33 /* LaunchScreen.xib */ = {
			isa = PBXVariantGroup;
			children = (
				3B1B24561B3FF4E6007B6E33 /* Base */,
			);
			name = LaunchScreen.xib;
			sourceTree = "<group>";
		};
		3B1B24791B3FF50B007B6E33 /* Main.storyboard */ = {
			isa = PBXVariantGroup;
			children = (
				3B1B247A1B3FF50B007B6E33 /* Base */,
			);
			name = Main.storyboard;
			sourceTree = "<group>";
		};
/* End PBXVariantGroup section */

/* Begin XCBuildConfiguration section */
		3B1B24641B3FF4E6007B6E33 /* Debug */ = {
			isa = XCBuildConfiguration;
			buildSettings = {
				ALWAYS_SEARCH_USER_PATHS = NO;
				CLANG_CXX_LANGUAGE_STANDARD = "gnu++0x";
				CLANG_CXX_LIBRARY = "libc++";
				CLANG_ENABLE_MODULES = YES;
				CLANG_ENABLE_OBJC_ARC = YES;
				CLANG_WARN_BOOL_CONVERSION = YES;
				CLANG_WARN_CONSTANT_CONVERSION = YES;
				CLANG_WARN_DIRECT_OBJC_ISA_USAGE = YES_ERROR;
				CLANG_WARN_EMPTY_BODY = YES;
				CLANG_WARN_ENUM_CONVERSION = YES;
				CLANG_WARN_INT_CONVERSION = YES;
				CLANG_WARN_OBJC_ROOT_CLASS = YES_ERROR;
				CLANG_WARN_UNREACHABLE_CODE = YES;
				CLANG_WARN__DUPLICATE_METHOD_MATCH = YES;
				"CODE_SIGN_IDENTITY[sdk=iphoneos*]" = "iPhone Developer";
				COPY_PHASE_STRIP = NO;
				DEBUG_INFORMATION_FORMAT = "dwarf-with-dsym";
				ENABLE_STRICT_OBJC_MSGSEND = YES;
				GCC_C_LANGUAGE_STANDARD = gnu99;
				GCC_DYNAMIC_NO_PIC = NO;
				GCC_NO_COMMON_BLOCKS = YES;
				GCC_OPTIMIZATION_LEVEL = 0;
				GCC_PREPROCESSOR_DEFINITIONS = (
					"DEBUG=1",
					"$(inherited)",
				);
				GCC_SYMBOLS_PRIVATE_EXTERN = NO;
				GCC_WARN_64_TO_32_BIT_CONVERSION = YES;
				GCC_WARN_ABOUT_RETURN_TYPE = YES_ERROR;
				GCC_WARN_UNDECLARED_SELECTOR = YES;
				GCC_WARN_UNINITIALIZED_AUTOS = YES_AGGRESSIVE;
				GCC_WARN_UNUSED_FUNCTION = YES;
				GCC_WARN_UNUSED_VARIABLE = YES;
				IPHONEOS_DEPLOYMENT_TARGET = 8.3;
				MTL_ENABLE_DEBUG_INFO = YES;
				ONLY_ACTIVE_ARCH = YES;
				SDKROOT = iphoneos;
			};
			name = Debug;
		};
		3B1B24651B3FF4E6007B6E33 /* Release */ = {
			isa = XCBuildConfiguration;
			buildSettings = {
				ALWAYS_SEARCH_USER_PATHS = NO;
				CLANG_CXX_LANGUAGE_STANDARD = "gnu++0x";
				CLANG_CXX_LIBRARY = "libc++";
				CLANG_ENABLE_MODULES = YES;
				CLANG_ENABLE_OBJC_ARC = YES;
				CLANG_WARN_BOOL_CONVERSION = YES;
				CLANG_WARN_CONSTANT_CONVERSION = YES;
				CLANG_WARN_DIRECT_OBJC_ISA_USAGE = YES_ERROR;
				CLANG_WARN_EMPTY_BODY = YES;
				CLANG_WARN_ENUM_CONVERSION = YES;
				CLANG_WARN_INT_CONVERSION = YES;
				CLANG_WARN_OBJC_ROOT_CLASS = YES_ERROR;
				CLANG_WARN_UNREACHABLE_CODE = YES;
				CLANG_WARN__DUPLICATE_METHOD_MATCH = YES;
				"CODE_SIGN_IDENTITY[sdk=iphoneos*]" = "iPhone Developer";
				COPY_PHASE_STRIP = NO;
				DEBUG_INFORMATION_FORMAT = "dwarf-with-dsym";
				ENABLE_NS_ASSERTIONS = NO;
				ENABLE_STRICT_OBJC_MSGSEND = YES;
				GCC_C_LANGUAGE_STANDARD = gnu99;
				GCC_NO_COMMON_BLOCKS = YES;
				GCC_WARN_64_TO_32_BIT_CONVERSION = YES;
				GCC_WARN_ABOUT_RETURN_TYPE = YES_ERROR;
				GCC_WARN_UNDECLARED_SELECTOR = YES;
				GCC_WARN_UNINITIALIZED_AUTOS = YES_AGGRESSIVE;
				GCC_WARN_UNUSED_FUNCTION = YES;
				GCC_WARN_UNUSED_VARIABLE = YES;
				IPHONEOS_DEPLOYMENT_TARGET = 8.3;
				MTL_ENABLE_DEBUG_INFO = NO;
				SDKROOT = iphoneos;
				VALIDATE_PRODUCT = YES;
			};
			name = Release;
		};
		3B1B24671B3FF4E6007B6E33 /* Debug */ = {
			isa = XCBuildConfiguration;
			buildSettings = {
				ASSETCATALOG_COMPILER_APPICON_NAME = AppIcon;
				INFOPLIST_FILE = "Smoke Savings/Info.plist";
				LD_RUNPATH_SEARCH_PATHS = "$(inherited) @executable_path/Frameworks";
				PRODUCT_NAME = "$(TARGET_NAME)";
			};
			name = Debug;
		};
		3B1B24681B3FF4E6007B6E33 /* Release */ = {
			isa = XCBuildConfiguration;
			buildSettings = {
				ASSETCATALOG_COMPILER_APPICON_NAME = AppIcon;
				INFOPLIST_FILE = "Smoke Savings/Info.plist";
				LD_RUNPATH_SEARCH_PATHS = "$(inherited) @executable_path/Frameworks";
				PRODUCT_NAME = "$(TARGET_NAME)";
			};
			name = Release;
		};
		3B1B246A1B3FF4E6007B6E33 /* Debug */ = {
			isa = XCBuildConfiguration;
			buildSettings = {
				BUNDLE_LOADER = "$(TEST_HOST)";
				FRAMEWORK_SEARCH_PATHS = (
					"$(SDKROOT)/Developer/Library/Frameworks",
					"$(inherited)",
				);
				GCC_PREPROCESSOR_DEFINITIONS = (
					"DEBUG=1",
					"$(inherited)",
				);
				INFOPLIST_FILE = "Smoke SavingsTests/Info.plist";
				LD_RUNPATH_SEARCH_PATHS = "$(inherited) @executable_path/Frameworks @loader_path/Frameworks";
				PRODUCT_NAME = "$(TARGET_NAME)";
				TEST_HOST = "$(BUILT_PRODUCTS_DIR)/Smoke Savings.app/Smoke Savings";
			};
			name = Debug;
		};
		3B1B246B1B3FF4E6007B6E33 /* Release */ = {
			isa = XCBuildConfiguration;
			buildSettings = {
				BUNDLE_LOADER = "$(TEST_HOST)";
				FRAMEWORK_SEARCH_PATHS = (
					"$(SDKROOT)/Developer/Library/Frameworks",
					"$(inherited)",
				);
				INFOPLIST_FILE = "Smoke SavingsTests/Info.plist";
				LD_RUNPATH_SEARCH_PATHS = "$(inherited) @executable_path/Frameworks @loader_path/Frameworks";
				PRODUCT_NAME = "$(TARGET_NAME)";
				TEST_HOST = "$(BUILT_PRODUCTS_DIR)/Smoke Savings.app/Smoke Savings";
			};
			name = Release;
		};
/* End XCBuildConfiguration section */

/* Begin XCConfigurationList section */
		3B1B243B1B3FF4E6007B6E33 /* Build configuration list for PBXProject "Smoke Savings" */ = {
			isa = XCConfigurationList;
			buildConfigurations = (
				3B1B24641B3FF4E6007B6E33 /* Debug */,
				3B1B24651B3FF4E6007B6E33 /* Release */,
			);
			defaultConfigurationIsVisible = 0;
			defaultConfigurationName = Release;
		};
		3B1B24661B3FF4E6007B6E33 /* Build configuration list for PBXNativeTarget "Smoke Savings" */ = {
			isa = XCConfigurationList;
			buildConfigurations = (
				3B1B24671B3FF4E6007B6E33 /* Debug */,
				3B1B24681B3FF4E6007B6E33 /* Release */,
			);
			defaultConfigurationIsVisible = 0;
		};
		3B1B24691B3FF4E6007B6E33 /* Build configuration list for PBXNativeTarget "Smoke SavingsTests" */ = {
			isa = XCConfigurationList;
			buildConfigurations = (
				3B1B246A1B3FF4E6007B6E33 /* Debug */,
				3B1B246B1B3FF4E6007B6E33 /* Release */,
			);
			defaultConfigurationIsVisible = 0;
		};
/* End XCConfigurationList section */

/* Begin XCVersionGroup section */
		3B1B244A1B3FF4E6007B6E33 /* Smoke_Savings.xcdatamodeld */ = {
			isa = XCVersionGroup;
			children = (
				3B1B244B1B3FF4E6007B6E33 /* Smoke_Savings.xcdatamodel */,
			);
			currentVersion = 3B1B244B1B3FF4E6007B6E33 /* Smoke_Savings.xcdatamodel */;
			path = Smoke_Savings.xcdatamodeld;
			sourceTree = "<group>";
			versionGroupType = wrapper.xcdatamodel;
		};
/* End XCVersionGroup section */
	};
	rootObject = 3B1B24381B3FF4E6007B6E33 /* Project object */;
}
